
Microsoft Visual Studio Solution File, Format Version 12.00
# Visual Studio 14
VisualStudioVersion = 14.0.23107.0
MinimumVisualStudioVersion = 10.0.40219.1
Project("{FAE04EC0-301F-11D3-BF4B-00C04F79EFBC}") = "ImageTestApp", "ImageTestApp\ImageTestApp.csproj", "{C25DCB51-2D44-49D5-9EE1-8CA56F17D0A2}"
EndProject
Project("{FAE04EC0-301F-11D3-BF4B-00C04F79EFBC}") = "ImageTestAppWinRT", "ImageTestAppWinRT\ImageTestAppWinRT.csproj", "{A6FCF073-CB66-470A-9303-31423C5E35D4}"
EndProject
Global
	GlobalSection(SolutionConfigurationPlatforms) = preSolution
		Debug|Any CPU = Debug|Any CPU
		Debug|ARM = Debug|ARM
		Debug|x86 = Debug|x86
		Release|Any CPU = Release|Any CPU
		Release|ARM = Release|ARM
		Release|x86 = Release|x86
	EndGlobalSection
	GlobalSection(ProjectConfigurationPlatforms) = postSolution
		{C25DCB51-2D44-49D5-9EE1-8CA56F17D0A2}.Debug|Any CPU.ActiveCfg = Debug|Any CPU
		{C25DCB51-2D44-49D5-9EE1-8CA56F17D0A2}.Debug|Any CPU.Build.0 = Debug|Any CPU
		{C25DCB51-2D44-49D5-9EE1-8CA56F17D0A2}.Debug|Any CPU.Deploy.0 = Debug|Any CPU
		{C25DCB51-2D44-49D5-9EE1-8CA56F17D0A2}.Debug|ARM.ActiveCfg = Debug|ARM
		{C25DCB51-2D44-49D5-9EE1-8CA56F17D0A2}.Debug|ARM.Build.0 = Debug|ARM
		{C25DCB51-2D44-49D5-9EE1-8CA56F17D0A2}.Debug|ARM.Deploy.0 = Debug|ARM
		{C25DCB51-2D44-49D5-9EE1-8CA56F17D0A2}.Debug|x86.ActiveCfg = Debug|x86
		{C25DCB51-2D44-49D5-9EE1-8CA56F17D0A2}.Debug|x86.Build.0 = Debug|x86
		{C25DCB51-2D44-49D5-9EE1-8CA56F17D0A2}.Debug|x86.Deploy.0 = Debug|x86
		{C25DCB51-2D44-49D5-9EE1-8CA56F17D0A2}.Release|Any CPU.ActiveCfg = Release|Any CPU
		{C25DCB51-2D44-49D5-9EE1-8CA56F17D0A2}.Release|Any CPU.Build.0 = Release|Any CPU
		{C25DCB51-2D44-49D5-9EE1-8CA56F17D0A2}.Release|Any CPU.Deploy.0 = Release|Any CPU
		{C25DCB51-2D44-49D5-9EE1-8CA56F17D0A2}.Release|ARM.ActiveCfg = Release|ARM
		{C25DCB51-2D44-49D5-9EE1-8CA56F17D0A2}.Release|ARM.Build.0 = Release|ARM
		{C25DCB51-2D44-49D5-9EE1-8CA56F17D0A2}.Release|ARM.Deploy.0 = Release|ARM
		{C25DCB51-2D44-49D5-9EE1-8CA56F17D0A2}.Release|x86.ActiveCfg = Release|x86
		{C25DCB51-2D44-49D5-9EE1-8CA56F17D0A2}.Release|x86.Build.0 = Release|x86
		{C25DCB51-2D44-49D5-9EE1-8CA56F17D0A2}.Release|x86.Deploy.0 = Release|x86
		{A6FCF073-CB66-470A-9303-31423C5E35D4}.Debug|Any CPU.ActiveCfg = Debug|Any CPU
		{A6FCF073-CB66-470A-9303-31423C5E35D4}.Debug|Any CPU.Build.0 = Debug|Any CPU
		{A6FCF073-CB66-470A-9303-31423C5E35D4}.Debug|Any CPU.Deploy.0 = Debug|Any CPU
		{A6FCF073-CB66-470A-9303-31423C5E35D4}.Debug|ARM.ActiveCfg = Debug|ARM
		{A6FCF073-CB66-470A-9303-31423C5E35D4}.Debug|ARM.Build.0 = Debug|ARM
		{A6FCF073-CB66-470A-9303-31423C5E35D4}.Debug|ARM.Deploy.0 = Debug|ARM
		{A6FCF073-CB66-470A-9303-31423C5E35D4}.Debug|x86.ActiveCfg = Debug|x86
		{A6FCF073-CB66-470A-9303-31423C5E35D4}.Debug|x86.Build.0 = Debug|x86
		{A6FCF073-CB66-470A-9303-31423C5E35D4}.Debug|x86.Deploy.0 = Debug|x86
		{A6FCF073-CB66-470A-9303-31423C5E35D4}.Release|Any CPU.ActiveCfg = Release|Any CPU
		{A6FCF073-CB66-470A-9303-31423C5E35D4}.Release|Any CPU.Build.0 = Release|Any CPU
		{A6FCF073-CB66-470A-9303-31423C5E35D4}.Release|Any CPU.Deploy.0 = Release|Any CPU
		{A6FCF073-CB66-470A-9303-31423C5E35D4}.Release|ARM.ActiveCfg = Release|ARM
		{A6FCF073-CB66-470A-9303-31423C5E35D4}.Release|ARM.Build.0 = Release|ARM
		{A6FCF073-CB66-470A-9303-31423C5E35D4}.Release|ARM.Deploy.0 = Release|ARM
		{A6FCF073-CB66-470A-9303-31423C5E35D4}.Release|x86.ActiveCfg = Release|x86
		{A6FCF073-CB66-470A-9303-31423C5E35D4}.Release|x86.Build.0 = Release|x86
		{A6FCF073-CB66-470A-9303-31423C5E35D4}.Release|x86.Deploy.0 = Release|x86
	EndGlobalSection
	GlobalSection(SolutionProperties) = preSolution
		HideSolutionNode = FALSE
	EndGlobalSection
EndGlobal
